
Microsoft Visual Studio Solution File, Format Version 12.00
# Visual Studio Version 16
VisualStudioVersion = 16.0.31515.178
MinimumVisualStudioVersion = 10.0.40219.1
Project("{FAE04EC0-301F-11D3-BF4B-00C04F79EFBC}") = "newWebForm", "newWebForm\newWebForm.csproj", "{262BD0BC-06EC-40A0-A306-6BFF6310BAA1}"
EndProject
Global
	GlobalSection(SolutionConfigurationPlatforms) = preSolution
		Debug|Any CPU = Debug|Any CPU
		Release|Any CPU = Release|Any CPU
	EndGlobalSection
	GlobalSection(ProjectConfigurationPlatforms) = postSolution
		{262BD0BC-06EC-40A0-A306-6BFF6310BAA1}.Debug|Any CPU.ActiveCfg = Debug|Any CPU
		{262BD0BC-06EC-40A0-A306-6BFF6310BAA1}.Debug|Any CPU.Build.0 = Debug|Any CPU
		{262BD0BC-06EC-40A0-A306-6BFF6310BAA1}.Release|Any CPU.ActiveCfg = Release|Any CPU
		{262BD0BC-06EC-40A0-A306-6BFF6310BAA1}.Release|Any CPU.Build.0 = Release|Any CPU
	EndGlobalSection
	GlobalSection(SolutionProperties) = preSolution
		HideSolutionNode = FALSE
	EndGlobalSection
	GlobalSection(ExtensibilityGlobals) = postSolution
		SolutionGuid = {526497EC-7B51-482D-B13A-27180605300F}
	EndGlobalSection
EndGlobal
